Microsoft Visual Studio Solution File, Format Version 12.00
# Visual Studio 2012
Project("{FAE04EC0-301F-11D3-BF4B-00C04F79EFBC}") = "FrameJam 2026", "FrameJam 2026.csproj", "{F7495D6E-75B6-40FF-8479-D88C3117836D}"
EndProject
Global
	GlobalSection(SolutionConfigurationPlatforms) = preSolution
	Debug|Any CPU = Debug|Any CPU
	ExportDebug|Any CPU = ExportDebug|Any CPU
	ExportRelease|Any CPU = ExportRelease|Any CPU
	EndGlobalSection
	GlobalSection(ProjectConfigurationPlatforms) = postSolution
		{F7495D6E-75B6-40FF-8479-D88C3117836D}.Debug|Any CPU.ActiveCfg = Debug|Any CPU
		{F7495D6E-75B6-40FF-8479-D88C3117836D}.Debug|Any CPU.Build.0 = Debug|Any CPU
		{F7495D6E-75B6-40FF-8479-D88C3117836D}.ExportDebug|Any CPU.ActiveCfg = ExportDebug|Any CPU
		{F7495D6E-75B6-40FF-8479-D88C3117836D}.ExportDebug|Any CPU.Build.0 = ExportDebug|Any CPU
		{F7495D6E-75B6-40FF-8479-D88C3117836D}.ExportRelease|Any CPU.ActiveCfg = ExportRelease|Any CPU
		{F7495D6E-75B6-40FF-8479-D88C3117836D}.ExportRelease|Any CPU.Build.0 = ExportRelease|Any CPU
	EndGlobalSection
EndGlobal
